
Microsoft Visual Studio Solution File, Format Version 12.00
# Visual Studio 15
VisualStudioVersion = 15.0.27130.2010
MinimumVisualStudioVersion = 10.0.40219.1
Project("{FAE04EC0-301F-11D3-BF4B-00C04F79EFBC}") = "Common.Functions.BuildCommandLineArgConfiguration", "Common.Functions.BuildCommandLineArgConfiguration\Common.Functions.BuildCommandLineArgConfiguration.csproj", "{10622106-4EEF-4777-A4FE-A366BEBF2FBE}"
EndProject
Global
	GlobalSection(SolutionConfigurationPlatforms) = preSolution
		Debug|Any CPU = Debug|Any CPU
		Release|Any CPU = Release|Any CPU
	EndGlobalSection
	GlobalSection(ProjectConfigurationPlatforms) = postSolution
		{10622106-4EEF-4777-A4FE-A366BEBF2FBE}.Debug|Any CPU.ActiveCfg = Debug|Any CPU
		{10622106-4EEF-4777-A4FE-A366BEBF2FBE}.Debug|Any CPU.Build.0 = Debug|Any CPU
		{10622106-4EEF-4777-A4FE-A366BEBF2FBE}.Release|Any CPU.ActiveCfg = Release|Any CPU
		{10622106-4EEF-4777-A4FE-A366BEBF2FBE}.Release|Any CPU.Build.0 = Release|Any CPU
	EndGlobalSection
	GlobalSection(SolutionProperties) = preSolution
		HideSolutionNode = FALSE
	EndGlobalSection
	GlobalSection(ExtensibilityGlobals) = postSolution
		SolutionGuid = {E923A6CC-A0C9-4DD7-B8F5-C406EE36A07A}
	EndGlobalSection
EndGlobal
